Microsoft Visual Studio Solution File, Format Version 7.00
Project("{FAE04EC0-301F-11D3-BF4B-00C04F79EFBC}") = "GlobalizedPropertyGrid", "GlobalizedPropertyGrid.csproj", "{0C6F6F8D-120E-4FF4-AA21-BA81FC52CD62}"
EndProject
Global
	GlobalSection(SolutionConfiguration) = preSolution
		ConfigName.0 = Debug
		ConfigName.1 = Release
	EndGlobalSection
	GlobalSection(ProjectDependencies) = postSolution
	EndGlobalSection
	GlobalSection(ProjectConfiguration) = postSolution
		{0C6F6F8D-120E-4FF4-AA21-BA81FC52CD62}.Debug.ActiveCfg = Debug|.NET
		{0C6F6F8D-120E-4FF4-AA21-BA81FC52CD62}.Debug.Build.0 = Debug|.NET
		{0C6F6F8D-120E-4FF4-AA21-BA81FC52CD62}.Release.ActiveCfg = Release|.NET
		{0C6F6F8D-120E-4FF4-AA21-BA81FC52CD62}.Release.Build.0 = Release|.NET
	EndGlobalSection
	GlobalSection(ExtensibilityGlobals) = postSolution
	EndGlobalSection
	GlobalSection(ExtensibilityAddIns) = postSolution
	EndGlobalSection
EndGlobal
